// !$*UTF8*$!
{
	archiveVersion = 1;
	classes = {
	};
	objectVersion = 48;
	objects = {

/* Begin PBXBuildFile section */
		497974942014466A00DD8F8C /* RoundedView.swift in Sources */ = {isa = PBXBuildFile; fileRef = 497974932014466A00DD8F8C /* RoundedView.swift */; };
		49797496201447AF00DD8F8C /* SearchCell.swift in Sources */ = {isa = PBXBuildFile; fileRef = 49797495201447AF00DD8F8C /* SearchCell.swift */; };
		497974982014480400DD8F8C /* HomeViewController.swift in Sources */ = {isa = PBXBuildFile; fileRef = 497974972014480400DD8F8C /* HomeViewController.swift */; };
		4979749A20145DA500DD8F8C /* Emoji.swift in Sources */ = {isa = PBXBuildFile; fileRef = 4979749920145DA500DD8F8C /* Emoji.swift */; };
		4979749C2014773000DD8F8C /* ProductViewController.swift in Sources */ = {isa = PBXBuildFile; fileRef = 4979749B2014773000DD8F8C /* ProductViewController.swift */; };
		A6FD2AC92013F52D004AD4E7 /* AppDelegate.swift in Sources */ = {isa = PBXBuildFile; fileRef = A6FD2AC82013F52D004AD4E7 /* AppDelegate.swift */; };
		A6FD2ACB2013F52D004AD4E7 /* ViewController.swift in Sources */ = {isa = PBXBuildFile; fileRef = A6FD2ACA2013F52D004AD4E7 /* ViewController.swift */; };
		A6FD2ACE2013F52D004AD4E7 /* Main.storyboard in Resources */ = {isa = PBXBuildFile; fileRef = A6FD2ACC2013F52D004AD4E7 /* Main.storyboard */; };
		A6FD2AD02013F52D004AD4E7 /* Assets.xcassets in Resources */ = {isa = PBXBuildFile; fileRef = A6FD2ACF2013F52D004AD4E7 /* Assets.xcassets */; };
		A6FD2AD32013F52D004AD4E7 /* LaunchScreen.storyboard in Resources */ = {isa = PBXBuildFile; fileRef = A6FD2AD12013F52D004AD4E7 /* LaunchScreen.storyboard */; };
		A6FD2ADB2013FDCF004AD4E7 /* Parser.swift in Sources */ = {isa = PBXBuildFile; fileRef = A6FD2ADA2013FDCF004AD4E7 /* Parser.swift */; };
		A6FD2ADD2013FDED004AD4E7 /* Datatypes.swift in Sources */ = {isa = PBXBuildFile; fileRef = A6FD2ADC2013FDED004AD4E7 /* Datatypes.swift */; };
		A6FD2ADF20141ED2004AD4E7 /* Raw Data.swift in Sources */ = {isa = PBXBuildFile; fileRef = A6FD2ADE20141ED2004AD4E7 /* Raw Data.swift */; };
/* End PBXBuildFile section */

/* Begin PBXFileReference section */
		497974932014466A00DD8F8C /* RoundedView.swift */ = {isa = PBXFileReference; lastKnownFileType = sourcecode.swift; path = RoundedView.swift; sourceTree = "<group>"; };
		49797495201447AF00DD8F8C /* SearchCell.swift */ = {isa = PBXFileReference; lastKnownFileType = sourcecode.swift; path = SearchCell.swift; sourceTree = "<group>"; };
		497974972014480400DD8F8C /* HomeViewController.swift */ = {isa = PBXFileReference; lastKnownFileType = sourcecode.swift; path = HomeViewController.swift; sourceTree = "<group>"; };
		4979749920145DA500DD8F8C /* Emoji.swift */ = {isa = PBXFileReference; lastKnownFileType = sourcecode.swift; path = Emoji.swift; sourceTree = "<group>"; };
		4979749B2014773000DD8F8C /* ProductViewController.swift */ = {isa = PBXFileReference; lastKnownFileType = sourcecode.swift; path = ProductViewController.swift; sourceTree = "<group>"; };
		A6FD2AC52013F52D004AD4E7 /* SourcedCode.app */ = {isa = PBXFileReference; explicitFileType = wrapper.application; includeInIndex = 0; path = SourcedCode.app; sourceTree = BUILT_PRODUCTS_DIR; };
		A6FD2AC82013F52D004AD4E7 /* AppDelegate.swift */ = {isa = PBXFileReference; lastKnownFileType = sourcecode.swift; path = AppDelegate.swift; sourceTree = "<group>"; };
		A6FD2ACA2013F52D004AD4E7 /* ViewController.swift */ = {isa = PBXFileReference; lastKnownFileType = sourcecode.swift; path = ViewController.swift; sourceTree = "<group>"; };
		A6FD2ACD2013F52D004AD4E7 /* Base */ = {isa = PBXFileReference; lastKnownFileType = file.storyboard; name = Base; path = Base.lproj/Main.storyboard; sourceTree = "<group>"; };
		A6FD2ACF2013F52D004AD4E7 /* Assets.xcassets */ = {isa = PBXFileReference; lastKnownFileType = folder.assetcatalog; path = Assets.xcassets; sourceTree = "<group>"; };
		A6FD2AD22013F52D004AD4E7 /* Base */ = {isa = PBXFileReference; lastKnownFileType = file.storyboard; name = Base; path = Base.lproj/LaunchScreen.storyboard; sourceTree = "<group>"; };
		A6FD2AD42013F52D004AD4E7 /* Info.plist */ = {isa = PBXFileReference; lastKnownFileType = text.plist.xml; path = Info.plist; sourceTree = "<group>"; };
		A6FD2ADA2013FDCF004AD4E7 /* Parser.swift */ = {isa = PBXFileReference; lastKnownFileType = sourcecode.swift; path = Parser.swift; sourceTree = "<group>"; };
		A6FD2ADC2013FDED004AD4E7 /* Datatypes.swift */ = {isa = PBXFileReference; lastKnownFileType = sourcecode.swift; path = Datatypes.swift; sourceTree = "<group>"; };
		A6FD2ADE20141ED2004AD4E7 /* Raw Data.swift */ = {isa = PBXFileReference; lastKnownFileType = sourcecode.swift; path = "Raw Data.swift"; sourceTree = "<group>"; };
/* End PBXFileReference section */

/* Begin PBXFrameworksBuildPhase section */
		A6FD2AC22013F52D004AD4E7 /* Frameworks */ = {
			isa = PBXFrameworksBuildPhase;
			buildActionMask = 2147483647;
			files = (
			);
			runOnlyForDeploymentPostprocessing = 0;
		};
/* End PBXFrameworksBuildPhase section */

/* Begin PBXGroup section */
		A6FD2ABC2013F52D004AD4E7 = {
			isa = PBXGroup;
			children = (
				A6FD2AC72013F52D004AD4E7 /* SourcedCode */,
				A6FD2AC62013F52D004AD4E7 /* Products */,
			);
			sourceTree = "<group>";
		};
		A6FD2AC62013F52D004AD4E7 /* Products */ = {
			isa = PBXGroup;
			children = (
				A6FD2AC52013F52D004AD4E7 /* SourcedCode.app */,
			);
			name = Products;
			sourceTree = "<group>";
		};
		A6FD2AC72013F52D004AD4E7 /* SourcedCode */ = {
			isa = PBXGroup;
			children = (
				A6FD2AC82013F52D004AD4E7 /* AppDelegate.swift */,
				A6FD2ADE20141ED2004AD4E7 /* Raw Data.swift */,
				A6FD2ACA2013F52D004AD4E7 /* ViewController.swift */,
				A6FD2ACC2013F52D004AD4E7 /* Main.storyboard */,
				4979749B2014773000DD8F8C /* ProductViewController.swift */,
				4979749920145DA500DD8F8C /* Emoji.swift */,
				49797495201447AF00DD8F8C /* SearchCell.swift */,
				497974972014480400DD8F8C /* HomeViewController.swift */,
				497974932014466A00DD8F8C /* RoundedView.swift */,
				A6FD2ACF2013F52D004AD4E7 /* Assets.xcassets */,
				A6FD2AD12013F52D004AD4E7 /* LaunchScreen.storyboard */,
				A6FD2ADA2013FDCF004AD4E7 /* Parser.swift */,
				A6FD2ADC2013FDED004AD4E7 /* Datatypes.swift */,
				A6FD2AD42013F52D004AD4E7 /* Info.plist */,
			);
			path = SourcedCode;
			sourceTree = "<group>";
		};
/* End PBXGroup section */

/* Begin PBXNativeTarget section */
		A6FD2AC42013F52D004AD4E7 /* SourcedCode */ = {
			isa = PBXNativeTarget;
			buildConfigurationList = A6FD2AD72013F52D004AD4E7 /* Build configuration list for PBXNativeTarget "SourcedCode" */;
			buildPhases = (
				A6FD2AC12013F52D004AD4E7 /* Sources */,
				A6FD2AC22013F52D004AD4E7 /* Frameworks */,
				A6FD2AC32013F52D004AD4E7 /* Resources */,
			);
			buildRules = (
			);
			dependencies = (
			);
			name = SourcedCode;
			productName = SourcedCode;
			productReference = A6FD2AC52013F52D004AD4E7 /* SourcedCode.app */;
			productType = "com.apple.product-type.application";
		};
/* End PBXNativeTarget section */

/* Begin PBXProject section */
		A6FD2ABD2013F52D004AD4E7 /* Project object */ = {
			isa = PBXProject;
			attributes = {
				LastSwiftUpdateCheck = 0900;
				LastUpgradeCheck = 0900;
				ORGANIZATIONNAME = "Darick McBride";
				TargetAttributes = {
					A6FD2AC42013F52D004AD4E7 = {
						CreatedOnToolsVersion = 9.0;
						ProvisioningStyle = Automatic;
					};
				};
			};
			buildConfigurationList = A6FD2AC02013F52D004AD4E7 /* Build configuration list for PBXProject "SourcedCode" */;
			compatibilityVersion = "Xcode 8.0";
			developmentRegion = en;
			hasScannedForEncodings = 0;
			knownRegions = (
				en,
				Base,
			);
			mainGroup = A6FD2ABC2013F52D004AD4E7;
			productRefGroup = A6FD2AC62013F52D004AD4E7 /* Products */;
			projectDirPath = "";
			projectRoot = "";
			targets = (
				A6FD2AC42013F52D004AD4E7 /* SourcedCode */,
			);
		};
/* End PBXProject section */

/* Begin PBXResourcesBuildPhase section */
		A6FD2AC32013F52D004AD4E7 /* Resources */ = {
			isa = PBXResourcesBuildPhase;
			buildActionMask = 2147483647;
			files = (
				A6FD2AD32013F52D004AD4E7 /* LaunchScreen.storyboard in Resources */,
				A6FD2AD02013F52D004AD4E7 /* Assets.xcassets in Resources */,
				A6FD2ACE2013F52D004AD4E7 /* Main.storyboard in Resources */,
			);
			runOnlyForDeploymentPostprocessing = 0;
		};
/* End PBXResourcesBuildPhase section */

/* Begin PBXSourcesBuildPhase section */
		A6FD2AC12013F52D004AD4E7 /* Sources */ = {
			isa = PBXSourcesBuildPhase;
			buildActionMask = 2147483647;
			files = (
				A6FD2ADF20141ED2004AD4E7 /* Raw Data.swift in Sources */,
				49797496201447AF00DD8F8C /* SearchCell.swift in Sources */,
				A6FD2ACB2013F52D004AD4E7 /* ViewController.swift in Sources */,
				4979749A20145DA500DD8F8C /* Emoji.swift in Sources */,
				497974982014480400DD8F8C /* HomeViewController.swift in Sources */,
				497974942014466A00DD8F8C /* RoundedView.swift in Sources */,
				A6FD2ADD2013FDED004AD4E7 /* Datatypes.swift in Sources */,
				A6FD2AC92013F52D004AD4E7 /* AppDelegate.swift in Sources */,
				4979749C2014773000DD8F8C /* ProductViewController.swift in Sources */,
				A6FD2ADB2013FDCF004AD4E7 /* Parser.swift in Sources */,
			);
			runOnlyForDeploymentPostprocessing = 0;
		};
/* End PBXSourcesBuildPhase section */

/* Begin PBXVariantGroup section */
		A6FD2ACC2013F52D004AD4E7 /* Main.storyboard */ = {
			isa = PBXVariantGroup;
			children = (
				A6FD2ACD2013F52D004AD4E7 /* Base */,
			);
			name = Main.storyboard;
			sourceTree = "<group>";
		};
		A6FD2AD12013F52D004AD4E7 /* LaunchScreen.storyboard */ = {
			isa = PBXVariantGroup;
			children = (
				A6FD2AD22013F52D004AD4E7 /* Base */,
			);
			name = LaunchScreen.storyboard;
			sourceTree = "<group>";
		};
/* End PBXVariantGroup section */

/* Begin XCBuildConfiguration section */
		A6FD2AD52013F52D004AD4E7 /* Debug */ = {
			isa = XCBuildConfiguration;
			buildSettings = {
				ALWAYS_SEARCH_USER_PATHS = NO;
				CLANG_ANALYZER_NONNULL = YES;
				CLANG_ANALYZER_NUMBER_OBJECT_CONVERSION = YES_AGGRESSIVE;
				CLANG_CXX_LANGUAGE_STANDARD = "gnu++14";
				CLANG_CXX_LIBRARY = "libc++";
				CLANG_ENABLE_MODULES = YES;
				CLANG_ENABLE_OBJC_ARC = YES;
				CLANG_WARN_BLOCK_CAPTURE_AUTORELEASING = YES;
				CLANG_WARN_BOOL_CONVERSION = YES;
				CLANG_WARN_COMMA = YES;
				CLANG_WARN_CONSTANT_CONVERSION = YES;
				CLANG_WARN_DIRECT_OBJC_ISA_USAGE = YES_ERROR;
				CLANG_WARN_DOCUMENTATION_COMMENTS = YES;
				CLANG_WARN_EMPTY_BODY = YES;
				CLANG_WARN_ENUM_CONVERSION = YES;
				CLANG_WARN_INFINITE_RECURSION = YES;
				CLANG_WARN_INT_CONVERSION = YES;
				CLANG_WARN_NON_LITERAL_NULL_CONVERSION = YES;
				CLANG_WARN_OBJC_LITERAL_CONVERSION = YES;
				CLANG_WARN_OBJC_ROOT_CLASS = YES_ERROR;
				CLANG_WARN_RANGE_LOOP_ANALYSIS = YES;
				CLANG_WARN_STRICT_PROTOTYPES = YES;
				CLANG_WARN_SUSPICIOUS_MOVE = YES;
				CLANG_WARN_UNGUARDED_AVAILABILITY = YES_AGGRESSIVE;
				CLANG_WARN_UNREACHABLE_CODE = YES;
				CLANG_WARN__DUPLICATE_METHOD_MATCH = YES;
				CODE_SIGN_IDENTITY = "iPhone Developer";
				COPY_PHASE_STRIP = NO;
				DEBUG_INFORMATION_FORMAT = dwarf;
				ENABLE_STRICT_OBJC_MSGSEND = YES;
				ENABLE_TESTABILITY = YES;
				GCC_C_LANGUAGE_STANDARD = gnu11;
				GCC_DYNAMIC_NO_PIC = NO;
				GCC_NO_COMMON_BLOCKS = YES;
				GCC_OPTIMIZATION_LEVEL = 0;
				GCC_PREPROCESSOR_DEFINITIONS = (
					"DEBUG=1",
					"$(inherited)",
				);
				GCC_WARN_64_TO_32_BIT_CONVERSION = YES;
				GCC_WARN_ABOUT_RETURN_TYPE = YES_ERROR;
				GCC_WARN_UNDECLARED_SELECTOR = YES;
				GCC_WARN_UNINITIALIZED_AUTOS = YES_AGGRESSIVE;
				GCC_WARN_UNUSED_FUNCTION = YES;
				GCC_WARN_UNUSED_VARIABLE = YES;
				IPHONEOS_DEPLOYMENT_TARGET = 11.0;
				MTL_ENABLE_DEBUG_INFO = YES;
				ONLY_ACTIVE_ARCH = YES;
				SDKROOT = iphoneos;
				SWIFT_ACTIVE_COMPILATION_CONDITIONS = DEBUG;
				SWIFT_OPTIMIZATION_LEVEL = "-Onone";
			};
			name = Debug;
		};
		A6FD2AD62013F52D004AD4E7 /* Release */ = {
			isa = XCBuildConfiguration;
			buildSettings = {
				ALWAYS_SEARCH_USER_PATHS = NO;
				CLANG_ANALYZER_NONNULL = YES;
				CLANG_ANALYZER_NUMBER_OBJECT_CONVERSION = YES_AGGRESSIVE;
				CLANG_CXX_LANGUAGE_STANDARD = "gnu++14";
				CLANG_CXX_LIBRARY = "libc++";
				CLANG_ENABLE_MODULES = YES;
				CLANG_ENABLE_OBJC_ARC = YES;
				CLANG_WARN_BLOCK_CAPTURE_AUTORELEASING = YES;
				CLANG_WARN_BOOL_CONVERSION = YES;
				CLANG_WARN_COMMA = YES;
				CLANG_WARN_CONSTANT_CONVERSION = YES;
				CLANG_WARN_DIRECT_OBJC_ISA_USAGE = YES_ERROR;
				CLANG_WARN_DOCUMENTATION_COMMENTS = YES;
				CLANG_WARN_EMPTY_BODY = YES;
				CLANG_WARN_ENUM_CONVERSION = YES;
				CLANG_WARN_INFINITE_RECURSION = YES;
				CLANG_WARN_INT_CONVERSION = YES;
				CLANG_WARN_NON_LITERAL_NULL_CONVERSION = YES;
				CLANG_WARN_OBJC_LITERAL_CONVERSION = YES;
				CLANG_WARN_OBJC_ROOT_CLASS = YES_ERROR;
				CLANG_WARN_RANGE_LOOP_ANALYSIS = YES;
				CLANG_WARN_STRICT_PROTOTYPES = YES;
				CLANG_WARN_SUSPICIOUS_MOVE = YES;
				CLANG_WARN_UNGUARDED_AVAILABILITY = YES_AGGRESSIVE;
				CLANG_WARN_UNREACHABLE_CODE = YES;
				CLANG_WARN__DUPLICATE_METHOD_MATCH = YES;
				CODE_SIGN_IDENTITY = "iPhone Developer";
				COPY_PHASE_STRIP = NO;
				DEBUG_INFORMATION_FORMAT = "dwarf-with-dsym";
				ENABLE_NS_ASSERTIONS = NO;
				ENABLE_STRICT_OBJC_MSGSEND = YES;
				GCC_C_LANGUAGE_STANDARD = gnu11;
				GCC_NO_COMMON_BLOCKS = YES;
				GCC_WARN_64_TO_32_BIT_CONVERSION = YES;
				GCC_WARN_ABOUT_RETURN_TYPE = YES_ERROR;
				GCC_WARN_UNDECLARED_SELECTOR = YES;
				GCC_WARN_UNINITIALIZED_AUTOS = YES_AGGRESSIVE;
				GCC_WARN_UNUSED_FUNCTION = YES;
				GCC_WARN_UNUSED_VARIABLE = YES;
				IPHONEOS_DEPLOYMENT_TARGET = 11.0;
				MTL_ENABLE_DEBUG_INFO = NO;
				SDKROOT = iphoneos;
				SWIFT_OPTIMIZATION_LEVEL = "-Owholemodule";
				VALIDATE_PRODUCT = YES;
			};
			name = Release;
		};
		A6FD2AD82013F52D004AD4E7 /* Debug */ = {
			isa = XCBuildConfiguration;
			buildSettings = {
				ASSETCATALOG_COMPILER_APPICON_NAME = AppIcon;
				CODE_SIGN_STYLE = Automatic;
				DEVELOPMENT_TEAM = P44B5828F9;
				INFOPLIST_FILE = SourcedCode/Info.plist;
				LD_RUNPATH_SEARCH_PATHS = "$(inherited) @executable_path/Frameworks";
				PRODUCT_BUNDLE_IDENTIFIER = Student.SourcedCode;
				PRODUCT_NAME = "$(TARGET_NAME)";
				SWIFT_VERSION = 4.0;
				TARGETED_DEVICE_FAMILY = "1,2";
			};
			name = Debug;
		};
		A6FD2AD92013F52D004AD4E7 /* Release */ = {
			isa = XCBuildConfiguration;
			buildSettings = {
				ASSETCATALOG_COMPILER_APPICON_NAME = AppIcon;
				CODE_SIGN_STYLE = Automatic;
				DEVELOPMENT_TEAM = P44B5828F9;
				INFOPLIST_FILE = SourcedCode/Info.plist;
				LD_RUNPATH_SEARCH_PATHS = "$(inherited) @executable_path/Frameworks";
				PRODUCT_BUNDLE_IDENTIFIER = Student.SourcedCode;
				PRODUCT_NAME = "$(TARGET_NAME)";
				SWIFT_VERSION = 4.0;
				TARGETED_DEVICE_FAMILY = "1,2";
			};
			name = Release;
		};
/* End XCBuildConfiguration section */

/* Begin XCConfigurationList section */
		A6FD2AC02013F52D004AD4E7 /* Build configuration list for PBXProject "SourcedCode" */ = {
			isa = XCConfigurationList;
			buildConfigurations = (
				A6FD2AD52013F52D004AD4E7 /* Debug */,
				A6FD2AD62013F52D004AD4E7 /* Release */,
			);
			defaultConfigurationIsVisible = 0;
			defaultConfigurationName = Release;
		};
		A6FD2AD72013F52D004AD4E7 /* Build configuration list for PBXNativeTarget "SourcedCode" */ = {
			isa = XCConfigurationList;
			buildConfigurations = (
				A6FD2AD82013F52D004AD4E7 /* Debug */,
				A6FD2AD92013F52D004AD4E7 /* Release */,
			);
			defaultConfigurationIsVisible = 0;
			defaultConfigurationName = Release;
		};
/* End XCConfigurationList section */
	};
	rootObject = A6FD2ABD2013F52D004AD4E7 /* Project object */;
}
